schema: '2.0'
stages:
  b_trigger_scoring:
    cmd: python ./src/data/interswitch_uganda.py --config=params.yaml
    deps:
    - path: ./src/data/interswitch_uganda.py
      hash: md5
      md5: 466aa8fc23bd351111aaf7e963d3f7f7
      size: 44403
    outs:
    - path: ./data/processed/scoring_response.json
      hash: md5
      md5: b221fb41f70a9d77030735a653583c38
      size: 32
  c_pass_generated_limits_to_engineering:
    cmd: python ./src/models/scoring_pipeline_interswitch_uganda.py --config=params.yaml
    deps:
    - path: ./data/processed/scoring_response.json
      hash: md5
      md5: b221fb41f70a9d77030735a653583c38
      size: 32
    - path: ./src/models/scoring_pipeline_interswitch_uganda.py
      hash: md5
      md5: 419bada50e20d392634ce53906728fd9
      size: 10661
