schema: '2.0'
stages:
  b_trigger_scoring:
    cmd: python ./src/data/interswitch_uganda.py --config=params.yaml
    deps:
    - path: ./src/data/interswitch_uganda.py
      hash: md5
      md5: d59c8e21627ddefffb7e4fc73f9a6ada
      size: 50350
    outs:
    - path: ./data/processed/scoring_response.json
      hash: md5
      md5: 7f69b0ba49b2edaa828ccbb38e1a00dd
      size: 32
  c_pass_generated_limits_to_engineering:
    cmd: python ./src/models/scoring_pipeline_interswitch_uganda.py --config=params.yaml
    deps:
    - path: ./data/processed/scoring_response.json
      hash: md5
      md5: 7f69b0ba49b2edaa828ccbb38e1a00dd
      size: 32
    - path: ./src/models/scoring_pipeline_interswitch_uganda.py
      hash: md5
      md5: 580b11013a64d6929417ae5fc4ccfef1
      size: 10871
